{
  "object": {
    "pins": [
      {
        "package": "BouncyLayout",
        "repositoryURL": "https://github.com/roberthein/BouncyLayout",
        "state": {
          "branch": null,
          "revision": "72773ac14234f30913dd0b207d76bcc39fff64fa",
          "version": "2.3.1"
        }
      },
      {
        "package": "Hero",
        "repositoryURL": "https://github.com/HeroTransitions/Hero",
        "state": {
          "branch": null,
          "revision": "efa709686035831b23b7bf58f652b0c4b892aa1d",
          "version": "1.6.1"
        }
      },
      {
        "package": "Lottie",
        "repositoryURL": "https://github.com/airbnb/lottie-ios",
        "state": {
          "branch": null,
          "revision": "79a0b70547f7c40ea54c67487f935fa2f2eaaadc",
          "version": "3.2.3"
        }
      }
    ]
  },
  "version": 1
}
